<Solution>
    <Folder Name="/src/"/>
    <Folder Name="/src/Core/">
        <Project Path="src/Core/BuildingBlocks/BuildingBlocks.csproj"/>
        <Project Path="src/Core/SeedWork/SeedWork.csproj"/>
    </Folder>
    <Folder Name="/src/Infrastructure/">
        <Project Path="src/Infrastructure/Observability/Observability.csproj"/>
        <Project Path="src/Infrastructure/Persistence/Persistence.csproj"/>
    </Folder>
    <Folder Name="/src/Modules/">
        <Project Path="src/Infrastructure/Identity/Identity.csproj"/>
        <Project Path="src/Modules/Bookings/Bookings.Contracts/Bookings.Contracts.csproj"/>
        <Project Path="src/Modules/Bookings/Bookings.csproj"/>
        <Project Path="src/Modules/Catalog/Catalog.Contracts/Catalog.Contracts.csproj"/>
        <Project Path="src/Modules/Catalog/Catalog.csproj"/>
        <Project Path="src/Modules/Hosts/Hosts.csproj"/>
        <Project Path="src/Modules/Hosts/Hosts.Contracts/Hosts.Contracts.csproj"/>
        <Project Path="src/Modules/Transactions/Transactions.csproj"/>
    </Folder>
    <Folder Name="/src/Web/">
        <Project Path="src/Web/Api/Api.csproj"/>
    </Folder>
    <Folder Name="/tests/">
        <Project Path="tests/IntegrationTests/IntegrationTests.csproj"/>
        <Project Path="tests/UnitTests/UnitTests.csproj"/>
    </Folder>
</Solution>
