<Solution>
    <Folder Name="/src/" />
    <Folder Name="/src/Core/">
        <Project Path="src/Core/BuildingBlocks/BuildingBlocks.csproj" />
        <Project Path="src/Core/SeedWork/SeedWork.csproj" />
    </Folder>
    <Folder Name="/src/Infrastructure/">
        <Project Path="src/Infrastructure/Jobs/Jobs.csproj" />
        <Project Path="src/Infrastructure/Observability/Observability.csproj" />
        <Project Path="src/Infrastructure/Outbox/Outbox.csproj" />
        <Project Path="src/Infrastructure/Persistence/Persistence.csproj" />
    </Folder>
    <Folder Name="/src/Modules/">
        <Project Path="src/Modules/Identity/Identity.csproj" />
        <Project Path="src/Modules/Availability/Availability.Contracts/Availability.Contracts.csproj" />
        <Project Path="src/Modules/Availability/Availability.csproj" />
        <Project Path="src/Modules/Bookings/Bookings.Contracts/Bookings.Contracts.csproj" />
        <Project Path="src/Modules/Bookings/Bookings.csproj" />
        <Project Path="src/Modules/Catalog/Catalog.Contracts/Catalog.Contracts.csproj" />
        <Project Path="src/Modules/Catalog/Catalog.csproj" />
        <Project Path="src/Modules/Hosts/Hosts.csproj" />
        <Project Path="src/Modules/Hosts/Hosts.Contracts/Hosts.Contracts.csproj" />
        <Project Path="src/Modules/Promotions/Promotions.Contracts/Promotions.Contracts.csproj" />
        <Project Path="src/Modules/Promotions/Promotions.csproj" />
        <Project Path="src/Modules/Transactions/Transactions.csproj" />
        <Project Path="src/Modules/Reviews/Reviews.csproj" />
        <Project Path="src/Modules/Transactions/Transactions.Contracts/Transactions.Contracts.csproj" />
    </Folder>
    <Folder Name="/src/Web/">
        <Project Path="src/Web/Api/Api.csproj" />
    </Folder>
    <Folder Name="/tests/">
        <Project Path="tests/IntegrationTests/IntegrationTests.csproj" />
        <Project Path="tests/UnitTests/UnitTests.csproj" />
    </Folder>
</Solution>
